
Microsoft Visual Studio Solution File, Format Version 12.00
# Visual Studio 2013
VisualStudioVersion = 12.0.40629.0
MinimumVisualStudioVersion = 10.0.40219.1
Project("{FAE04EC0-301F-11D3-BF4B-00C04F79EFBC}") = "GPA", "GPA\GPA.csproj", "{B169F702-9799-4560-B7C3-5A657C664F99}"
EndProject
Project("{2150E333-8FDC-42A3-9474-1A3956D46DE8}") = "GPA.Models", "GPA.Models", "{2563D113-BCC8-496E-94FE-89815E36E0C8}"
EndProject
Project("{FAE04EC0-301F-11D3-BF4B-00C04F79EFBC}") = "GPA.Models", "GPA.Models\GPA.Models.csproj", "{C9E8E4A2-5B03-4A70-8F8D-7D12038D35BC}"
EndProject
Project("{2150E333-8FDC-42A3-9474-1A3956D46DE8}") = "GPA.BLL", "GPA.BLL", "{BC8F99A5-8618-4D5A-9756-294793EA7903}"
EndProject
Project("{FAE04EC0-301F-11D3-BF4B-00C04F79EFBC}") = "GPA.BLL", "GPA.BLL\GPA.BLL.csproj", "{3C515FA8-3870-4407-A4FA-8678F963E64E}"
EndProject
Project("{2150E333-8FDC-42A3-9474-1A3956D46DE8}") = "GPA.DAL", "GPA.DAL", "{61BE5979-DAC4-4D27-8894-EFB905633543}"
EndProject
Project("{FAE04EC0-301F-11D3-BF4B-00C04F79EFBC}") = "GPA.DAL", "GPA.DAL\GPA.DAL.csproj", "{BF52183E-B01A-42E3-9E6B-8E1E5B1F620B}"
EndProject
Project("{FAE04EC0-301F-11D3-BF4B-00C04F79EFBC}") = "GPA.Service", "GPA.Service\GPA.Service.csproj", "{A4FD93E9-3065-4D77-9474-A954726BD397}"
EndProject
Global
	GlobalSection(SolutionConfigurationPlatforms) = preSolution
		Debug|Any CPU = Debug|Any CPU
		Release|Any CPU = Release|Any CPU
	EndGlobalSection
	GlobalSection(ProjectConfigurationPlatforms) = postSolution
		{B169F702-9799-4560-B7C3-5A657C664F99}.Debug|Any CPU.ActiveCfg = Debug|Any CPU
		{B169F702-9799-4560-B7C3-5A657C664F99}.Debug|Any CPU.Build.0 = Debug|Any CPU
		{B169F702-9799-4560-B7C3-5A657C664F99}.Release|Any CPU.ActiveCfg = Release|Any CPU
		{B169F702-9799-4560-B7C3-5A657C664F99}.Release|Any CPU.Build.0 = Release|Any CPU
		{C9E8E4A2-5B03-4A70-8F8D-7D12038D35BC}.Debug|Any CPU.ActiveCfg = Debug|Any CPU
		{C9E8E4A2-5B03-4A70-8F8D-7D12038D35BC}.Debug|Any CPU.Build.0 = Debug|Any CPU
		{C9E8E4A2-5B03-4A70-8F8D-7D12038D35BC}.Release|Any CPU.ActiveCfg = Release|Any CPU
		{C9E8E4A2-5B03-4A70-8F8D-7D12038D35BC}.Release|Any CPU.Build.0 = Release|Any CPU
		{3C515FA8-3870-4407-A4FA-8678F963E64E}.Debug|Any CPU.ActiveCfg = Debug|Any CPU
		{3C515FA8-3870-4407-A4FA-8678F963E64E}.Debug|Any CPU.Build.0 = Debug|Any CPU
		{3C515FA8-3870-4407-A4FA-8678F963E64E}.Release|Any CPU.ActiveCfg = Release|Any CPU
		{3C515FA8-3870-4407-A4FA-8678F963E64E}.Release|Any CPU.Build.0 = Release|Any CPU
		{BF52183E-B01A-42E3-9E6B-8E1E5B1F620B}.Debug|Any CPU.ActiveCfg = Debug|Any CPU
		{BF52183E-B01A-42E3-9E6B-8E1E5B1F620B}.Debug|Any CPU.Build.0 = Debug|Any CPU
		{BF52183E-B01A-42E3-9E6B-8E1E5B1F620B}.Release|Any CPU.ActiveCfg = Release|Any CPU
		{BF52183E-B01A-42E3-9E6B-8E1E5B1F620B}.Release|Any CPU.Build.0 = Release|Any CPU
		{A4FD93E9-3065-4D77-9474-A954726BD397}.Debug|Any CPU.ActiveCfg = Debug|Any CPU
		{A4FD93E9-3065-4D77-9474-A954726BD397}.Debug|Any CPU.Build.0 = Debug|Any CPU
		{A4FD93E9-3065-4D77-9474-A954726BD397}.Release|Any CPU.ActiveCfg = Release|Any CPU
		{A4FD93E9-3065-4D77-9474-A954726BD397}.Release|Any CPU.Build.0 = Release|Any CPU
	EndGlobalSection
	GlobalSection(SolutionProperties) = preSolution
		HideSolutionNode = FALSE
	EndGlobalSection
	GlobalSection(NestedProjects) = preSolution
		{C9E8E4A2-5B03-4A70-8F8D-7D12038D35BC} = {2563D113-BCC8-496E-94FE-89815E36E0C8}
		{3C515FA8-3870-4407-A4FA-8678F963E64E} = {BC8F99A5-8618-4D5A-9756-294793EA7903}
		{BF52183E-B01A-42E3-9E6B-8E1E5B1F620B} = {61BE5979-DAC4-4D27-8894-EFB905633543}
	EndGlobalSection
EndGlobal
